
Microsoft Visual Studio Solution File, Format Version 12.00
# Visual Studio Version 16
VisualStudioVersion = 16.0.32002.261
MinimumVisualStudioVersion = 10.0.40219.1
Project("{FAE04EC0-301F-11D3-BF4B-00C04F79EFBC}") = "Image.Android", "Image\Image.Android\Image.Android.csproj", "{8585E0C8-D523-47A0-8B84-77A7F325D06C}"
EndProject
Project("{FAE04EC0-301F-11D3-BF4B-00C04F79EFBC}") = "Image", "Image\Image\Image.csproj", "{A3532563-674D-4E37-B05F-2EA0DCD6688F}"
EndProject
Global
	GlobalSection(SolutionConfigurationPlatforms) = preSolution
		Debug|Any CPU = Debug|Any CPU
		Release|Any CPU = Release|Any CPU
	EndGlobalSection
	GlobalSection(ProjectConfigurationPlatforms) = postSolution
		{8585E0C8-D523-47A0-8B84-77A7F325D06C}.Debug|Any CPU.ActiveCfg = Debug|Any CPU
		{8585E0C8-D523-47A0-8B84-77A7F325D06C}.Debug|Any CPU.Build.0 = Debug|Any CPU
		{8585E0C8-D523-47A0-8B84-77A7F325D06C}.Debug|Any CPU.Deploy.0 = Debug|Any CPU
		{8585E0C8-D523-47A0-8B84-77A7F325D06C}.Release|Any CPU.ActiveCfg = Release|Any CPU
		{8585E0C8-D523-47A0-8B84-77A7F325D06C}.Release|Any CPU.Build.0 = Release|Any CPU
		{8585E0C8-D523-47A0-8B84-77A7F325D06C}.Release|Any CPU.Deploy.0 = Release|Any CPU
		{A3532563-674D-4E37-B05F-2EA0DCD6688F}.Debug|Any CPU.ActiveCfg = Debug|Any CPU
		{A3532563-674D-4E37-B05F-2EA0DCD6688F}.Debug|Any CPU.Build.0 = Debug|Any CPU
		{A3532563-674D-4E37-B05F-2EA0DCD6688F}.Release|Any CPU.ActiveCfg = Release|Any CPU
		{A3532563-674D-4E37-B05F-2EA0DCD6688F}.Release|Any CPU.Build.0 = Release|Any CPU
	EndGlobalSection
	GlobalSection(SolutionProperties) = preSolution
		HideSolutionNode = FALSE
	EndGlobalSection
	GlobalSection(ExtensibilityGlobals) = postSolution
		SolutionGuid = {7FC83C8C-7758-49A6-9594-8BA4884489E0}
	EndGlobalSection
EndGlobal
